
Microsoft Visual Studio Solution File, Format Version 12.00
# Visual Studio Version 17
VisualStudioVersion = 17.12.35527.113
MinimumVisualStudioVersion = 10.0.40219.1
Project("{FAE04EC0-301F-11D3-BF4B-00C04F79EFBC}") = "HW20", "HW20\HW20.csproj", "{1B6F40F7-A7C4-405A-B5A9-5DB8365CE885}"
EndProject
Project("{2150E333-8FDC-42A3-9474-1A3956D46DE8}") = "1-Domain", "1-Domain", "{BDDB9ED7-DD4F-4475-980D-5A0493D71E49}"
EndProject
Project("{2150E333-8FDC-42A3-9474-1A3956D46DE8}") = "3-Endpoint", "3-Endpoint", "{AA46687C-BB11-4E33-BEC2-1C914CB84C88}"
EndProject
Project("{2150E333-8FDC-42A3-9474-1A3956D46DE8}") = "2-Infrastructure", "2-Infrastructure", "{4B072995-DB9E-409A-8583-DD050796891E}"
EndProject
Project("{2150E333-8FDC-42A3-9474-1A3956D46DE8}") = "Core", "Core", "{1B7BDBF4-E563-4A82-A019-7D15E7A7A16B}"
EndProject
Project("{2150E333-8FDC-42A3-9474-1A3956D46DE8}") = "Service", "Service", "{8F84C8BA-D62C-4546-8904-E1247350EF70}"
EndProject
Project("{2150E333-8FDC-42A3-9474-1A3956D46DE8}") = "DataAccess", "DataAccess", "{B4032358-4DD2-408C-8F5A-9ABC134BD475}"
EndProject
Project("{FAE04EC0-301F-11D3-BF4B-00C04F79EFBC}") = "AppDomainCore", "AppDomainCore\AppDomainCore.csproj", "{EC08FAD3-E248-49BE-8898-7418402BBC48}"
EndProject
Project("{FAE04EC0-301F-11D3-BF4B-00C04F79EFBC}") = "DomainAppService", "DomainAppService\DomainAppService.csproj", "{4B2E1D98-4036-49FE-91D9-F8B1C1D8904D}"
EndProject
Project("{FAE04EC0-301F-11D3-BF4B-00C04F79EFBC}") = "DomainService", "DomainService\DomainService.csproj", "{794A6C6F-48ED-42F2-A330-08EF3C429B3C}"
EndProject
Project("{FAE04EC0-301F-11D3-BF4B-00C04F79EFBC}") = "AppDataRepository", "AppDataRepository\AppDataRepository.csproj", "{D5EDCC33-0443-4BF3-A7B4-D5E43C344B48}"
EndProject
Project("{FAE04EC0-301F-11D3-BF4B-00C04F79EFBC}") = "HW20API", "HW20API\HW20API.csproj", "{9D90DDC2-FFB7-46BA-BE80-DCF2E2AFC28C}"
EndProject
Global
	GlobalSection(SolutionConfigurationPlatforms) = preSolution
		Debug|Any CPU = Debug|Any CPU
		Release|Any CPU = Release|Any CPU
	EndGlobalSection
	GlobalSection(ProjectConfigurationPlatforms) = postSolution
		{1B6F40F7-A7C4-405A-B5A9-5DB8365CE885}.Debug|Any CPU.ActiveCfg = Debug|Any CPU
		{1B6F40F7-A7C4-405A-B5A9-5DB8365CE885}.Debug|Any CPU.Build.0 = Debug|Any CPU
		{1B6F40F7-A7C4-405A-B5A9-5DB8365CE885}.Release|Any CPU.ActiveCfg = Release|Any CPU
		{1B6F40F7-A7C4-405A-B5A9-5DB8365CE885}.Release|Any CPU.Build.0 = Release|Any CPU
		{EC08FAD3-E248-49BE-8898-7418402BBC48}.Debug|Any CPU.ActiveCfg = Debug|Any CPU
		{EC08FAD3-E248-49BE-8898-7418402BBC48}.Debug|Any CPU.Build.0 = Debug|Any CPU
		{EC08FAD3-E248-49BE-8898-7418402BBC48}.Release|Any CPU.ActiveCfg = Release|Any CPU
		{EC08FAD3-E248-49BE-8898-7418402BBC48}.Release|Any CPU.Build.0 = Release|Any CPU
		{4B2E1D98-4036-49FE-91D9-F8B1C1D8904D}.Debug|Any CPU.ActiveCfg = Debug|Any CPU
		{4B2E1D98-4036-49FE-91D9-F8B1C1D8904D}.Debug|Any CPU.Build.0 = Debug|Any CPU
		{4B2E1D98-4036-49FE-91D9-F8B1C1D8904D}.Release|Any CPU.ActiveCfg = Release|Any CPU
		{4B2E1D98-4036-49FE-91D9-F8B1C1D8904D}.Release|Any CPU.Build.0 = Release|Any CPU
		{794A6C6F-48ED-42F2-A330-08EF3C429B3C}.Debug|Any CPU.ActiveCfg = Debug|Any CPU
		{794A6C6F-48ED-42F2-A330-08EF3C429B3C}.Debug|Any CPU.Build.0 = Debug|Any CPU
		{794A6C6F-48ED-42F2-A330-08EF3C429B3C}.Release|Any CPU.ActiveCfg = Release|Any CPU
		{794A6C6F-48ED-42F2-A330-08EF3C429B3C}.Release|Any CPU.Build.0 = Release|Any CPU
		{D5EDCC33-0443-4BF3-A7B4-D5E43C344B48}.Debug|Any CPU.ActiveCfg = Debug|Any CPU
		{D5EDCC33-0443-4BF3-A7B4-D5E43C344B48}.Debug|Any CPU.Build.0 = Debug|Any CPU
		{D5EDCC33-0443-4BF3-A7B4-D5E43C344B48}.Release|Any CPU.ActiveCfg = Release|Any CPU
		{D5EDCC33-0443-4BF3-A7B4-D5E43C344B48}.Release|Any CPU.Build.0 = Release|Any CPU
		{9D90DDC2-FFB7-46BA-BE80-DCF2E2AFC28C}.Debug|Any CPU.ActiveCfg = Debug|Any CPU
		{9D90DDC2-FFB7-46BA-BE80-DCF2E2AFC28C}.Debug|Any CPU.Build.0 = Debug|Any CPU
		{9D90DDC2-FFB7-46BA-BE80-DCF2E2AFC28C}.Release|Any CPU.ActiveCfg = Release|Any CPU
		{9D90DDC2-FFB7-46BA-BE80-DCF2E2AFC28C}.Release|Any CPU.Build.0 = Release|Any CPU
	EndGlobalSection
	GlobalSection(SolutionProperties) = preSolution
		HideSolutionNode = FALSE
	EndGlobalSection
	GlobalSection(NestedProjects) = preSolution
		{1B6F40F7-A7C4-405A-B5A9-5DB8365CE885} = {AA46687C-BB11-4E33-BEC2-1C914CB84C88}
		{1B7BDBF4-E563-4A82-A019-7D15E7A7A16B} = {BDDB9ED7-DD4F-4475-980D-5A0493D71E49}
		{8F84C8BA-D62C-4546-8904-E1247350EF70} = {BDDB9ED7-DD4F-4475-980D-5A0493D71E49}
		{B4032358-4DD2-408C-8F5A-9ABC134BD475} = {4B072995-DB9E-409A-8583-DD050796891E}
		{EC08FAD3-E248-49BE-8898-7418402BBC48} = {1B7BDBF4-E563-4A82-A019-7D15E7A7A16B}
		{4B2E1D98-4036-49FE-91D9-F8B1C1D8904D} = {8F84C8BA-D62C-4546-8904-E1247350EF70}
		{794A6C6F-48ED-42F2-A330-08EF3C429B3C} = {8F84C8BA-D62C-4546-8904-E1247350EF70}
		{D5EDCC33-0443-4BF3-A7B4-D5E43C344B48} = {B4032358-4DD2-408C-8F5A-9ABC134BD475}
		{9D90DDC2-FFB7-46BA-BE80-DCF2E2AFC28C} = {AA46687C-BB11-4E33-BEC2-1C914CB84C88}
	EndGlobalSection
EndGlobal
